
Microsoft Visual Studio Solution File, Format Version 12.00
# Visual Studio Version 16
VisualStudioVersion = 16.0.31205.134
MinimumVisualStudioVersion = 10.0.40219.1
Project("{FAE04EC0-301F-11D3-BF4B-00C04F79EFBC}") = "BankAccountDio", "BankAccountDio.csproj", "{942239AF-902A-41A5-8E3D-99F5E69CB7F9}"
EndProject
Global
	GlobalSection(SolutionConfigurationPlatforms) = preSolution
		Debug|Any CPU = Debug|Any CPU
		Release|Any CPU = Release|Any CPU
	EndGlobalSection
	GlobalSection(ProjectConfigurationPlatforms) = postSolution
		{942239AF-902A-41A5-8E3D-99F5E69CB7F9}.Debug|Any CPU.ActiveCfg = Debug|Any CPU
		{942239AF-902A-41A5-8E3D-99F5E69CB7F9}.Debug|Any CPU.Build.0 = Debug|Any CPU
		{942239AF-902A-41A5-8E3D-99F5E69CB7F9}.Release|Any CPU.ActiveCfg = Release|Any CPU
		{942239AF-902A-41A5-8E3D-99F5E69CB7F9}.Release|Any CPU.Build.0 = Release|Any CPU
	EndGlobalSection
	GlobalSection(SolutionProperties) = preSolution
		HideSolutionNode = FALSE
	EndGlobalSection
	GlobalSection(ExtensibilityGlobals) = postSolution
		SolutionGuid = {2338B13B-5DA4-4B04-B74B-66DEF5C315FA}
	EndGlobalSection
EndGlobal
